// !$*UTF8*$!
{
	archiveVersion = 1;
	classes = {
	};
	objectVersion = 56;
	objects = {

/* Begin PBXBuildFile section */
		A14FC42D2A6185A7009D91EC /* OldNorseDictionaryApp.swift in Sources */ = {isa = PBXBuildFile; fileRef = A14FC42C2A6185A7009D91EC /* OldNorseDictionaryApp.swift */; };
		A14FC4312A6185A7009D91EC /* Assets.xcassets in Resources */ = {isa = PBXBuildFile; fileRef = A14FC4302A6185A7009D91EC /* Assets.xcassets */; };
		A14FC4582A619670009D91EC /* WordsData.json in Resources */ = {isa = PBXBuildFile; fileRef = A14FC4572A619670009D91EC /* WordsData.json */; };
		A15829432A66BEF700BD97D4 /* Word.swift in Sources */ = {isa = PBXBuildFile; fileRef = A15829422A66BEF700BD97D4 /* Word.swift */; };
		A15829452A66BF9D00BD97D4 /* Conjugation.swift in Sources */ = {isa = PBXBuildFile; fileRef = A15829442A66BF9D00BD97D4 /* Conjugation.swift */; };
		A158294D2A66DDCB00BD97D4 /* WordDetailView.swift in Sources */ = {isa = PBXBuildFile; fileRef = A158294C2A66DDCB00BD97D4 /* WordDetailView.swift */; };
		A158294F2A66DE0500BD97D4 /* WordSearchView.swift in Sources */ = {isa = PBXBuildFile; fileRef = A158294E2A66DE0500BD97D4 /* WordSearchView.swift */; };
		A15829512A66DE4600BD97D4 /* WordSearchController.swift in Sources */ = {isa = PBXBuildFile; fileRef = A15829502A66DE4600BD97D4 /* WordSearchController.swift */; };
		A15829532A67DBCB00BD97D4 /* Case.swift in Sources */ = {isa = PBXBuildFile; fileRef = A15829522A67DBCB00BD97D4 /* Case.swift */; };
		A15829572A67DE7300BD97D4 /* Person.swift in Sources */ = {isa = PBXBuildFile; fileRef = A15829562A67DE7300BD97D4 /* Person.swift */; };
		A15829592A68249100BD97D4 /* Number.swift in Sources */ = {isa = PBXBuildFile; fileRef = A15829582A68249100BD97D4 /* Number.swift */; };
		A1F2B8532A76696F003EBF17 /* README.md in Resources */ = {isa = PBXBuildFile; fileRef = A1F2B8502A76696F003EBF17 /* README.md */; };
		A1F2B8542A76696F003EBF17 /* LICENSE in Resources */ = {isa = PBXBuildFile; fileRef = A1F2B8512A76696F003EBF17 /* LICENSE */; };
		A1F2B8552A76696F003EBF17 /* PrivacyPolicy.md in Resources */ = {isa = PBXBuildFile; fileRef = A1F2B8522A76696F003EBF17 /* PrivacyPolicy.md */; };
		A1F2B8582A767231003EBF17 /* WordService.swift in Sources */ = {isa = PBXBuildFile; fileRef = A1F2B8572A767231003EBF17 /* WordService.swift */; };
		A1F2B8592A7672B4003EBF17 /* WordService.swift in Sources */ = {isa = PBXBuildFile; fileRef = A1F2B8572A767231003EBF17 /* WordService.swift */; };
		A1F2B89C2A768FB3003EBF17 /* WordServiceTests.swift in Sources */ = {isa = PBXBuildFile; fileRef = A1F2B8892A768CAC003EBF17 /* WordServiceTests.swift */; };
		A1F2B89D2A768FB6003EBF17 /* WordSearchControllerTests.swift in Sources */ = {isa = PBXBuildFile; fileRef = A1F2B88B2A768D04003EBF17 /* WordSearchControllerTests.swift */; };
		A1F6CDAE2A75A743006F020E /* OldNorseDictionaryWatchOsApp.swift in Sources */ = {isa = PBXBuildFile; fileRef = A1F6CDAD2A75A743006F020E /* OldNorseDictionaryWatchOsApp.swift */; };
		A1F6CDB02A75A743006F020E /* WordListView.swift in Sources */ = {isa = PBXBuildFile; fileRef = A1F6CDAF2A75A743006F020E /* WordListView.swift */; };
		A1F6CDB22A75A744006F020E /* Assets.xcassets in Resources */ = {isa = PBXBuildFile; fileRef = A1F6CDB12A75A744006F020E /* Assets.xcassets */; };
		A1F6CDCE2A75A744006F020E /* OldNorseDictionaryWatchOs Watch App.app in Embed Watch Content */ = {isa = PBXBuildFile; fileRef = A1F6CDAB2A75A743006F020E /* OldNorseDictionaryWatchOs Watch App.app */; platformFilter = ios; settings = {ATTRIBUTES = (RemoveHeadersOnCopy, ); }; };
		A1F6CDDA2A75A970006F020E /* WordSearchController.swift in Sources */ = {isa = PBXBuildFile; fileRef = A15829502A66DE4600BD97D4 /* WordSearchController.swift */; };
		A1F6CDDB2A75AB16006F020E /* Word.swift in Sources */ = {isa = PBXBuildFile; fileRef = A15829422A66BEF700BD97D4 /* Word.swift */; };
		A1F6CDDC2A75AB18006F020E /* Conjugation.swift in Sources */ = {isa = PBXBuildFile; fileRef = A15829442A66BF9D00BD97D4 /* Conjugation.swift */; };
		A1F6CDDD2A75AB1A006F020E /* Case.swift in Sources */ = {isa = PBXBuildFile; fileRef = A15829522A67DBCB00BD97D4 /* Case.swift */; };
		A1F6CDDE2A75AB1C006F020E /* Person.swift in Sources */ = {isa = PBXBuildFile; fileRef = A15829562A67DE7300BD97D4 /* Person.swift */; };
		A1F6CDDF2A75AB1F006F020E /* Number.swift in Sources */ = {isa = PBXBuildFile; fileRef = A15829582A68249100BD97D4 /* Number.swift */; };
		A1F6CDE12A75AC3B006F020E /* WordsData.json in Resources */ = {isa = PBXBuildFile; fileRef = A14FC4572A619670009D91EC /* WordsData.json */; };
/* End PBXBuildFile section */

/* Begin PBXContainerItemProxy section */
		A1EF26852A77EE5700BA9F69 /* PBXContainerItemProxy */ = {
			isa = PBXContainerItemProxy;
			containerPortal = A14FC4212A6185A7009D91EC /* Project object */;
			proxyType = 1;
			remoteGlobalIDString = A1F6CDAA2A75A743006F020E;
			remoteInfo = "OldNorseDictionaryWatchOs Watch App";
		};
		A1F2B8972A768F54003EBF17 /* PBXContainerItemProxy */ = {
			isa = PBXContainerItemProxy;
			containerPortal = A14FC4212A6185A7009D91EC /* Project object */;
			proxyType = 1;
			remoteGlobalIDString = A14FC4282A6185A7009D91EC;
			remoteInfo = OldNorseDictionary;
		};
		A1F6CDCC2A75A744006F020E /* PBXContainerItemProxy */ = {
			isa = PBXContainerItemProxy;
			containerPortal = A14FC4212A6185A7009D91EC /* Project object */;
			proxyType = 1;
			remoteGlobalIDString = A1F6CDAA2A75A743006F020E;
			remoteInfo = "OldNorseDictionaryWatchOs Watch App";
		};
/* End PBXContainerItemProxy section */

/* Begin PBXCopyFilesBuildPhase section */
		A1F6CDCF2A75A744006F020E /* Embed Watch Content */ = {
			isa = PBXCopyFilesBuildPhase;
			buildActionMask = 2147483647;
			dstPath = "$(CONTENTS_FOLDER_PATH)/Watch";
			dstSubfolderSpec = 16;
			files = (
				A1F6CDCE2A75A744006F020E /* OldNorseDictionaryWatchOs Watch App.app in Embed Watch Content */,
			);
			name = "Embed Watch Content";
			runOnlyForDeploymentPostprocessing = 0;
		};
/* End PBXCopyFilesBuildPhase section */

/* Begin PBXFileReference section */
		A14FC4292A6185A7009D91EC /* OldNorseDictionary.app */ = {isa = PBXFileReference; explicitFileType = wrapper.application; includeInIndex = 0; path = OldNorseDictionary.app; sourceTree = BUILT_PRODUCTS_DIR; };
		A14FC42C2A6185A7009D91EC /* OldNorseDictionaryApp.swift */ = {isa = PBXFileReference; lastKnownFileType = sourcecode.swift; path = OldNorseDictionaryApp.swift; sourceTree = "<group>"; };
		A14FC4302A6185A7009D91EC /* Assets.xcassets */ = {isa = PBXFileReference; lastKnownFileType = folder.assetcatalog; path = Assets.xcassets; sourceTree = "<group>"; };
		A14FC4322A6185A7009D91EC /* OldNorseDictionary.entitlements */ = {isa = PBXFileReference; lastKnownFileType = text.plist.entitlements; path = OldNorseDictionary.entitlements; sourceTree = "<group>"; };
		A14FC4572A619670009D91EC /* WordsData.json */ = {isa = PBXFileReference; lastKnownFileType = text.json; path = WordsData.json; sourceTree = "<group>"; };
		A15829422A66BEF700BD97D4 /* Word.swift */ = {isa = PBXFileReference; lastKnownFileType = sourcecode.swift; path = Word.swift; sourceTree = "<group>"; };
		A15829442A66BF9D00BD97D4 /* Conjugation.swift */ = {isa = PBXFileReference; lastKnownFileType = sourcecode.swift; path = Conjugation.swift; sourceTree = "<group>"; };
		A158294C2A66DDCB00BD97D4 /* WordDetailView.swift */ = {isa = PBXFileReference; lastKnownFileType = sourcecode.swift; path = WordDetailView.swift; sourceTree = "<group>"; };
		A158294E2A66DE0500BD97D4 /* WordSearchView.swift */ = {isa = PBXFileReference; lastKnownFileType = sourcecode.swift; path = WordSearchView.swift; sourceTree = "<group>"; };
		A15829502A66DE4600BD97D4 /* WordSearchController.swift */ = {isa = PBXFileReference; lastKnownFileType = sourcecode.swift; path = WordSearchController.swift; sourceTree = "<group>"; };
		A15829522A67DBCB00BD97D4 /* Case.swift */ = {isa = PBXFileReference; lastKnownFileType = sourcecode.swift; path = Case.swift; sourceTree = "<group>"; };
		A15829562A67DE7300BD97D4 /* Person.swift */ = {isa = PBXFileReference; lastKnownFileType = sourcecode.swift; path = Person.swift; sourceTree = "<group>"; };
		A15829582A68249100BD97D4 /* Number.swift */ = {isa = PBXFileReference; lastKnownFileType = sourcecode.swift; path = Number.swift; sourceTree = "<group>"; };
		A1F2B8502A76696F003EBF17 /* README.md */ = {isa = PBXFileReference; fileEncoding = 4; lastKnownFileType = net.daringfireball.markdown; path = README.md; sourceTree = "<group>"; };
		A1F2B8512A76696F003EBF17 /* LICENSE */ = {isa = PBXFileReference; fileEncoding = 4; lastKnownFileType = text; path = LICENSE; sourceTree = "<group>"; };
		A1F2B8522A76696F003EBF17 /* PrivacyPolicy.md */ = {isa = PBXFileReference; fileEncoding = 4; lastKnownFileType = net.daringfireball.markdown; path = PrivacyPolicy.md; sourceTree = "<group>"; };
		A1F2B8572A767231003EBF17 /* WordService.swift */ = {isa = PBXFileReference; lastKnownFileType = sourcecode.swift; path = WordService.swift; sourceTree = "<group>"; };
		A1F2B8892A768CAC003EBF17 /* WordServiceTests.swift */ = {isa = PBXFileReference; lastKnownFileType = sourcecode.swift; path = WordServiceTests.swift; sourceTree = "<group>"; };
		A1F2B88B2A768D04003EBF17 /* WordSearchControllerTests.swift */ = {isa = PBXFileReference; lastKnownFileType = sourcecode.swift; path = WordSearchControllerTests.swift; sourceTree = "<group>"; };
		A1F2B8932A768F54003EBF17 /* OldNorseDictionaryTests.xctest */ = {isa = PBXFileReference; explicitFileType = wrapper.cfbundle; includeInIndex = 0; path = OldNorseDictionaryTests.xctest; sourceTree = BUILT_PRODUCTS_DIR; };
		A1F2B89F2A769057003EBF17 /* OldNorseDictionaryUnitTests.xctestplan */ = {isa = PBXFileReference; lastKnownFileType = text; path = OldNorseDictionaryUnitTests.xctestplan; sourceTree = "<group>"; };
		A1F6CDAB2A75A743006F020E /* OldNorseDictionaryWatchOs Watch App.app */ = {isa = PBXFileReference; explicitFileType = wrapper.application; includeInIndex = 0; path = "OldNorseDictionaryWatchOs Watch App.app"; sourceTree = BUILT_PRODUCTS_DIR; };
		A1F6CDAD2A75A743006F020E /* OldNorseDictionaryWatchOsApp.swift */ = {isa = PBXFileReference; lastKnownFileType = sourcecode.swift; path = OldNorseDictionaryWatchOsApp.swift; sourceTree = "<group>"; };
		A1F6CDAF2A75A743006F020E /* WordListView.swift */ = {isa = PBXFileReference; lastKnownFileType = sourcecode.swift; path = WordListView.swift; sourceTree = "<group>"; };
		A1F6CDB12A75A744006F020E /* Assets.xcassets */ = {isa = PBXFileReference; lastKnownFileType = folder.assetcatalog; path = Assets.xcassets; sourceTree = "<group>"; };
/* End PBXFileReference section */

/* Begin PBXFrameworksBuildPhase section */
		A14FC4262A6185A7009D91EC /* Frameworks */ = {
			isa = PBXFrameworksBuildPhase;
			buildActionMask = 2147483647;
			files = (
			);
			runOnlyForDeploymentPostprocessing = 0;
		};
		A1F2B8902A768F54003EBF17 /* Frameworks */ = {
			isa = PBXFrameworksBuildPhase;
			buildActionMask = 2147483647;
			files = (
			);
			runOnlyForDeploymentPostprocessing = 0;
		};
		A1F6CDA82A75A743006F020E /* Frameworks */ = {
			isa = PBXFrameworksBuildPhase;
			buildActionMask = 2147483647;
			files = (
			);
			runOnlyForDeploymentPostprocessing = 0;
		};
/* End PBXFrameworksBuildPhase section */

/* Begin PBXGroup section */
		A14FC4202A6185A7009D91EC = {
			isa = PBXGroup;
			children = (
				A1F2B8512A76696F003EBF17 /* LICENSE */,
				A1F2B8522A76696F003EBF17 /* PrivacyPolicy.md */,
				A1F2B8502A76696F003EBF17 /* README.md */,
				A1F6CDE02A75AC1A006F020E /* Assets */,
				A1F2B8802A768C5F003EBF17 /* Tests */,
				A14FC42A2A6185A7009D91EC /* Products */,
				A1F2B8462A7667C8003EBF17 /* Source */,
				A1F2B84F2A76693B003EBF17 /* WatchOSApp */,
			);
			sourceTree = "<group>";
		};
		A14FC42A2A6185A7009D91EC /* Products */ = {
			isa = PBXGroup;
			children = (
				A14FC4292A6185A7009D91EC /* OldNorseDictionary.app */,
				A1F6CDAB2A75A743006F020E /* OldNorseDictionaryWatchOs Watch App.app */,
				A1F2B8932A768F54003EBF17 /* OldNorseDictionaryTests.xctest */,
			);
			name = Products;
			sourceTree = "<group>";
		};
		A1F2B8462A7667C8003EBF17 /* Source */ = {
			isa = PBXGroup;
			children = (
				A14FC4322A6185A7009D91EC /* OldNorseDictionary.entitlements */,
				A14FC42C2A6185A7009D91EC /* OldNorseDictionaryApp.swift */,
				A14FC4302A6185A7009D91EC /* Assets.xcassets */,
				A1F2B8492A7667DF003EBF17 /* Controllers */,
				A1F2B8472A7667D2003EBF17 /* Models */,
				A1F2B8562A767225003EBF17 /* Services */,
				A1F2B8482A7667D9003EBF17 /* Views */,
			);
			path = Source;
			sourceTree = "<group>";
		};
		A1F2B8472A7667D2003EBF17 /* Models */ = {
			isa = PBXGroup;
			children = (
				A15829422A66BEF700BD97D4 /* Word.swift */,
				A15829442A66BF9D00BD97D4 /* Conjugation.swift */,
				A15829522A67DBCB00BD97D4 /* Case.swift */,
				A15829562A67DE7300BD97D4 /* Person.swift */,
				A15829582A68249100BD97D4 /* Number.swift */,
			);
			path = Models;
			sourceTree = "<group>";
		};
		A1F2B8482A7667D9003EBF17 /* Views */ = {
			isa = PBXGroup;
			children = (
				A158294C2A66DDCB00BD97D4 /* WordDetailView.swift */,
				A158294E2A66DE0500BD97D4 /* WordSearchView.swift */,
			);
			path = Views;
			sourceTree = "<group>";
		};
		A1F2B8492A7667DF003EBF17 /* Controllers */ = {
			isa = PBXGroup;
			children = (
				A15829502A66DE4600BD97D4 /* WordSearchController.swift */,
			);
			path = Controllers;
			sourceTree = "<group>";
		};
		A1F2B84F2A76693B003EBF17 /* WatchOSApp */ = {
			isa = PBXGroup;
			children = (
				A1F6CDAD2A75A743006F020E /* OldNorseDictionaryWatchOsApp.swift */,
				A1F6CDAF2A75A743006F020E /* WordListView.swift */,
				A1F6CDB12A75A744006F020E /* Assets.xcassets */,
			);
			path = WatchOSApp;
			sourceTree = "<group>";
		};
		A1F2B8562A767225003EBF17 /* Services */ = {
			isa = PBXGroup;
			children = (
				A1F2B8572A767231003EBF17 /* WordService.swift */,
			);
			path = Services;
			sourceTree = "<group>";
		};
		A1F2B8802A768C5F003EBF17 /* Tests */ = {
			isa = PBXGroup;
			children = (
				A1F2B8882A768C86003EBF17 /* UnitTests */,
			);
			path = Tests;
			sourceTree = "<group>";
		};
		A1F2B8882A768C86003EBF17 /* UnitTests */ = {
			isa = PBXGroup;
			children = (
				A1F2B8892A768CAC003EBF17 /* WordServiceTests.swift */,
				A1F2B88B2A768D04003EBF17 /* WordSearchControllerTests.swift */,
				A1F2B89F2A769057003EBF17 /* OldNorseDictionaryUnitTests.xctestplan */,
			);
			path = UnitTests;
			sourceTree = "<group>";
		};
		A1F6CDE02A75AC1A006F020E /* Assets */ = {
			isa = PBXGroup;
			children = (
				A14FC4572A619670009D91EC /* WordsData.json */,
			);
			path = Assets;
			sourceTree = "<group>";
		};
/* End PBXGroup section */

/* Begin PBXNativeTarget section */
		A14FC4282A6185A7009D91EC /* OldNorseDictionary */ = {
			isa = PBXNativeTarget;
			buildConfigurationList = A14FC44E2A6185A8009D91EC /* Build configuration list for PBXNativeTarget "OldNorseDictionary" */;
			buildPhases = (
				A14FC4252A6185A7009D91EC /* Sources */,
				A14FC4262A6185A7009D91EC /* Frameworks */,
				A14FC4272A6185A7009D91EC /* Resources */,
				A1F6CDCF2A75A744006F020E /* Embed Watch Content */,
			);
			buildRules = (
			);
			dependencies = (
				A1F6CDCD2A75A744006F020E /* PBXTargetDependency */,
			);
			name = OldNorseDictionary;
			productName = OldNorseDictionary;
			productReference = A14FC4292A6185A7009D91EC /* OldNorseDictionary.app */;
			productType = "com.apple.product-type.application";
		};
		A1F2B8922A768F54003EBF17 /* OldNorseDictionaryTests */ = {
			isa = PBXNativeTarget;
			buildConfigurationList = A1F2B8992A768F54003EBF17 /* Build configuration list for PBXNativeTarget "OldNorseDictionaryTests" */;
			buildPhases = (
				A1F2B88F2A768F54003EBF17 /* Sources */,
				A1F2B8902A768F54003EBF17 /* Frameworks */,
				A1F2B8912A768F54003EBF17 /* Resources */,
			);
			buildRules = (
			);
			dependencies = (
				A1F2B8982A768F54003EBF17 /* PBXTargetDependency */,
				A1EF26862A77EE5700BA9F69 /* PBXTargetDependency */,
			);
			name = OldNorseDictionaryTests;
			productName = OldNorseDictionaryTests;
			productReference = A1F2B8932A768F54003EBF17 /* OldNorseDictionaryTests.xctest */;
			productType = "com.apple.product-type.bundle.unit-test";
		};
		A1F6CDAA2A75A743006F020E /* OldNorseDictionaryWatchOs Watch App */ = {
			isa = PBXNativeTarget;
			buildConfigurationList = A1F6CDD62A75A744006F020E /* Build configuration list for PBXNativeTarget "OldNorseDictionaryWatchOs Watch App" */;
			buildPhases = (
				A1F6CDA72A75A743006F020E /* Sources */,
				A1F6CDA82A75A743006F020E /* Frameworks */,
				A1F6CDA92A75A743006F020E /* Resources */,
			);
			buildRules = (
			);
			dependencies = (
			);
			name = "OldNorseDictionaryWatchOs Watch App";
			productName = "OldNorseDictionaryWatchOs Watch App";
			productReference = A1F6CDAB2A75A743006F020E /* OldNorseDictionaryWatchOs Watch App.app */;
			productType = "com.apple.product-type.application";
		};
/* End PBXNativeTarget section */

/* Begin PBXProject section */
		A14FC4212A6185A7009D91EC /* Project object */ = {
			isa = PBXProject;
			attributes = {
				BuildIndependentTargetsInParallel = 1;
				LastSwiftUpdateCheck = 1430;
				LastUpgradeCheck = 1430;
				TargetAttributes = {
					A14FC4282A6185A7009D91EC = {
						CreatedOnToolsVersion = 14.3.1;
					};
					A1F2B8922A768F54003EBF17 = {
						CreatedOnToolsVersion = 14.3.1;
						TestTargetID = A14FC4282A6185A7009D91EC;
					};
					A1F6CDAA2A75A743006F020E = {
						CreatedOnToolsVersion = 14.3.1;
					};
				};
			};
			buildConfigurationList = A14FC4242A6185A7009D91EC /* Build configuration list for PBXProject "OldNorseDictionary" */;
			compatibilityVersion = "Xcode 14.0";
			developmentRegion = en;
			hasScannedForEncodings = 0;
			knownRegions = (
				en,
				Base,
			);
			mainGroup = A14FC4202A6185A7009D91EC;
			productRefGroup = A14FC42A2A6185A7009D91EC /* Products */;
			projectDirPath = "";
			projectRoot = "";
			targets = (
				A14FC4282A6185A7009D91EC /* OldNorseDictionary */,
				A1F6CDAA2A75A743006F020E /* OldNorseDictionaryWatchOs Watch App */,
				A1F2B8922A768F54003EBF17 /* OldNorseDictionaryTests */,
			);
		};
/* End PBXProject section */

/* Begin PBXResourcesBuildPhase section */
		A14FC4272A6185A7009D91EC /* Resources */ = {
			isa = PBXResourcesBuildPhase;
			buildActionMask = 2147483647;
			files = (
				A1F2B8532A76696F003EBF17 /* README.md in Resources */,
				A14FC4582A619670009D91EC /* WordsData.json in Resources */,
				A1F2B8542A76696F003EBF17 /* LICENSE in Resources */,
				A1F2B8552A76696F003EBF17 /* PrivacyPolicy.md in Resources */,
				A14FC4312A6185A7009D91EC /* Assets.xcassets in Resources */,
			);
			runOnlyForDeploymentPostprocessing = 0;
		};
		A1F2B8912A768F54003EBF17 /* Resources */ = {
			isa = PBXResourcesBuildPhase;
			buildActionMask = 2147483647;
			files = (
			);
			runOnlyForDeploymentPostprocessing = 0;
		};
		A1F6CDA92A75A743006F020E /* Resources */ = {
			isa = PBXResourcesBuildPhase;
			buildActionMask = 2147483647;
			files = (
				A1F6CDE12A75AC3B006F020E /* WordsData.json in Resources */,
				A1F6CDB22A75A744006F020E /* Assets.xcassets in Resources */,
			);
			runOnlyForDeploymentPostprocessing = 0;
		};
/* End PBXResourcesBuildPhase section */

/* Begin PBXSourcesBuildPhase section */
		A14FC4252A6185A7009D91EC /* Sources */ = {
			isa = PBXSourcesBuildPhase;
			buildActionMask = 2147483647;
			files = (
				A15829452A66BF9D00BD97D4 /* Conjugation.swift in Sources */,
				A14FC42D2A6185A7009D91EC /* OldNorseDictionaryApp.swift in Sources */,
				A15829592A68249100BD97D4 /* Number.swift in Sources */,
				A1F2B8582A767231003EBF17 /* WordService.swift in Sources */,
				A158294F2A66DE0500BD97D4 /* WordSearchView.swift in Sources */,
				A158294D2A66DDCB00BD97D4 /* WordDetailView.swift in Sources */,
				A15829512A66DE4600BD97D4 /* WordSearchController.swift in Sources */,
				A15829572A67DE7300BD97D4 /* Person.swift in Sources */,
				A15829532A67DBCB00BD97D4 /* Case.swift in Sources */,
				A15829432A66BEF700BD97D4 /* Word.swift in Sources */,
			);
			runOnlyForDeploymentPostprocessing = 0;
		};
		A1F2B88F2A768F54003EBF17 /* Sources */ = {
			isa = PBXSourcesBuildPhase;
			buildActionMask = 2147483647;
			files = (
				A1F2B89C2A768FB3003EBF17 /* WordServiceTests.swift in Sources */,
				A1F2B89D2A768FB6003EBF17 /* WordSearchControllerTests.swift in Sources */,
			);
			runOnlyForDeploymentPostprocessing = 0;
		};
		A1F6CDA72A75A743006F020E /* Sources */ = {
			isa = PBXSourcesBuildPhase;
			buildActionMask = 2147483647;
			files = (
				A1F6CDDF2A75AB1F006F020E /* Number.swift in Sources */,
				A1F6CDDA2A75A970006F020E /* WordSearchController.swift in Sources */,
				A1F6CDDD2A75AB1A006F020E /* Case.swift in Sources */,
				A1F6CDDC2A75AB18006F020E /* Conjugation.swift in Sources */,
				A1F6CDDB2A75AB16006F020E /* Word.swift in Sources */,
				A1F2B8592A7672B4003EBF17 /* WordService.swift in Sources */,
				A1F6CDDE2A75AB1C006F020E /* Person.swift in Sources */,
				A1F6CDB02A75A743006F020E /* WordListView.swift in Sources */,
				A1F6CDAE2A75A743006F020E /* OldNorseDictionaryWatchOsApp.swift in Sources */,
			);
			runOnlyForDeploymentPostprocessing = 0;
		};
/* End PBXSourcesBuildPhase section */

/* Begin PBXTargetDependency section */
		A1EF26862A77EE5700BA9F69 /* PBXTargetDependency */ = {
			isa = PBXTargetDependency;
			target = A1F6CDAA2A75A743006F020E /* OldNorseDictionaryWatchOs Watch App */;
			targetProxy = A1EF26852A77EE5700BA9F69 /* PBXContainerItemProxy */;
		};
		A1F2B8982A768F54003EBF17 /* PBXTargetDependency */ = {
			isa = PBXTargetDependency;
			target = A14FC4282A6185A7009D91EC /* OldNorseDictionary */;
			targetProxy = A1F2B8972A768F54003EBF17 /* PBXContainerItemProxy */;
		};
		A1F6CDCD2A75A744006F020E /* PBXTargetDependency */ = {
			isa = PBXTargetDependency;
			platformFilter = ios;
			target = A1F6CDAA2A75A743006F020E /* OldNorseDictionaryWatchOs Watch App */;
			targetProxy = A1F6CDCC2A75A744006F020E /* PBXContainerItemProxy */;
		};
/* End PBXTargetDependency section */

/* Begin XCBuildConfiguration section */
		A14FC44C2A6185A8009D91EC /* Debug */ = {
			isa = XCBuildConfiguration;
			buildSettings = {
				ALWAYS_SEARCH_USER_PATHS = NO;
				CLANG_ANALYZER_NONNULL = YES;
				CLANG_ANALYZER_NUMBER_OBJECT_CONVERSION = YES_AGGRESSIVE;
				CLANG_CXX_LANGUAGE_STANDARD = "gnu++20";
				CLANG_ENABLE_MODULES = YES;
				CLANG_ENABLE_OBJC_ARC = YES;
				CLANG_ENABLE_OBJC_WEAK = YES;
				CLANG_WARN_BLOCK_CAPTURE_AUTORELEASING = YES;
				CLANG_WARN_BOOL_CONVERSION = YES;
				CLANG_WARN_COMMA = YES;
				CLANG_WARN_CONSTANT_CONVERSION = YES;
				CLANG_WARN_DEPRECATED_OBJC_IMPLEMENTATIONS = YES;
				CLANG_WARN_DIRECT_OBJC_ISA_USAGE = YES_ERROR;
				CLANG_WARN_DOCUMENTATION_COMMENTS = YES;
				CLANG_WARN_EMPTY_BODY = YES;
				CLANG_WARN_ENUM_CONVERSION = YES;
				CLANG_WARN_INFINITE_RECURSION = YES;
				CLANG_WARN_INT_CONVERSION = YES;
				CLANG_WARN_NON_LITERAL_NULL_CONVERSION = YES;
				CLANG_WARN_OBJC_IMPLICIT_RETAIN_SELF = YES;
				CLANG_WARN_OBJC_LITERAL_CONVERSION = YES;
				CLANG_WARN_OBJC_ROOT_CLASS = YES_ERROR;
				CLANG_WARN_QUOTED_INCLUDE_IN_FRAMEWORK_HEADER = YES;
				CLANG_WARN_RANGE_LOOP_ANALYSIS = YES;
				CLANG_WARN_STRICT_PROTOTYPES = YES;
				CLANG_WARN_SUSPICIOUS_MOVE = YES;
				CLANG_WARN_UNGUARDED_AVAILABILITY = YES_AGGRESSIVE;
				CLANG_WARN_UNREACHABLE_CODE = YES;
				CLANG_WARN__DUPLICATE_METHOD_MATCH = YES;
				COPY_PHASE_STRIP = NO;
				DEBUG_INFORMATION_FORMAT = dwarf;
				ENABLE_STRICT_OBJC_MSGSEND = YES;
				ENABLE_TESTABILITY = YES;
				GCC_C_LANGUAGE_STANDARD = gnu11;
				GCC_DYNAMIC_NO_PIC = NO;
				GCC_NO_COMMON_BLOCKS = YES;
				GCC_OPTIMIZATION_LEVEL = 0;
				GCC_PREPROCESSOR_DEFINITIONS = (
					"DEBUG=1",
					"$(inherited)",
				);
				GCC_WARN_64_TO_32_BIT_CONVERSION = YES;
				GCC_WARN_ABOUT_RETURN_TYPE = YES_ERROR;
				GCC_WARN_UNDECLARED_SELECTOR = YES;
				GCC_WARN_UNINITIALIZED_AUTOS = YES_AGGRESSIVE;
				GCC_WARN_UNUSED_FUNCTION = YES;
				GCC_WARN_UNUSED_VARIABLE = YES;
				MTL_ENABLE_DEBUG_INFO = INCLUDE_SOURCE;
				MTL_FAST_MATH = YES;
				ONLY_ACTIVE_ARCH = YES;
				SWIFT_ACTIVE_COMPILATION_CONDITIONS = DEBUG;
				SWIFT_OPTIMIZATION_LEVEL = "-Onone";
			};
			name = Debug;
		};
		A14FC44D2A6185A8009D91EC /* Release */ = {
			isa = XCBuildConfiguration;
			buildSettings = {
				ALWAYS_SEARCH_USER_PATHS = NO;
				CLANG_ANALYZER_NONNULL = YES;
				CLANG_ANALYZER_NUMBER_OBJECT_CONVERSION = YES_AGGRESSIVE;
				CLANG_CXX_LANGUAGE_STANDARD = "gnu++20";
				CLANG_ENABLE_MODULES = YES;
				CLANG_ENABLE_OBJC_ARC = YES;
				CLANG_ENABLE_OBJC_WEAK = YES;
				CLANG_WARN_BLOCK_CAPTURE_AUTORELEASING = YES;
				CLANG_WARN_BOOL_CONVERSION = YES;
				CLANG_WARN_COMMA = YES;
				CLANG_WARN_CONSTANT_CONVERSION = YES;
				CLANG_WARN_DEPRECATED_OBJC_IMPLEMENTATIONS = YES;
				CLANG_WARN_DIRECT_OBJC_ISA_USAGE = YES_ERROR;
				CLANG_WARN_DOCUMENTATION_COMMENTS = YES;
				CLANG_WARN_EMPTY_BODY = YES;
				CLANG_WARN_ENUM_CONVERSION = YES;
				CLANG_WARN_INFINITE_RECURSION = YES;
				CLANG_WARN_INT_CONVERSION = YES;
				CLANG_WARN_NON_LITERAL_NULL_CONVERSION = YES;
				CLANG_WARN_OBJC_IMPLICIT_RETAIN_SELF = YES;
				CLANG_WARN_OBJC_LITERAL_CONVERSION = YES;
				CLANG_WARN_OBJC_ROOT_CLASS = YES_ERROR;
				CLANG_WARN_QUOTED_INCLUDE_IN_FRAMEWORK_HEADER = YES;
				CLANG_WARN_RANGE_LOOP_ANALYSIS = YES;
				CLANG_WARN_STRICT_PROTOTYPES = YES;
				CLANG_WARN_SUSPICIOUS_MOVE = YES;
				CLANG_WARN_UNGUARDED_AVAILABILITY = YES_AGGRESSIVE;
				CLANG_WARN_UNREACHABLE_CODE = YES;
				CLANG_WARN__DUPLICATE_METHOD_MATCH = YES;
				COPY_PHASE_STRIP = NO;
				DEBUG_INFORMATION_FORMAT = "dwarf-with-dsym";
				ENABLE_NS_ASSERTIONS = NO;
				ENABLE_STRICT_OBJC_MSGSEND = YES;
				GCC_C_LANGUAGE_STANDARD = gnu11;
				GCC_NO_COMMON_BLOCKS = YES;
				GCC_WARN_64_TO_32_BIT_CONVERSION = YES;
				GCC_WARN_ABOUT_RETURN_TYPE = YES_ERROR;
				GCC_WARN_UNDECLARED_SELECTOR = YES;
				GCC_WARN_UNINITIALIZED_AUTOS = YES_AGGRESSIVE;
				GCC_WARN_UNUSED_FUNCTION = YES;
				GCC_WARN_UNUSED_VARIABLE = YES;
				MTL_ENABLE_DEBUG_INFO = NO;
				MTL_FAST_MATH = YES;
				SWIFT_COMPILATION_MODE = wholemodule;
				SWIFT_OPTIMIZATION_LEVEL = "-O";
			};
			name = Release;
		};
		A14FC44F2A6185A8009D91EC /* Debug */ = {
			isa = XCBuildConfiguration;
			buildSettings = {
				ALWAYS_EMBED_SWIFT_STANDARD_LIBRARIES = YES;
				ASSETCATALOG_COMPILER_APPICON_NAME = AppIcon;
				ASSETCATALOG_COMPILER_GLOBAL_ACCENT_COLOR_NAME = AccentColor;
				ASSETCATALOG_COMPILER_INCLUDE_ALL_APPICON_ASSETS = NO;
				CODE_SIGN_ENTITLEMENTS = Source/OldNorseDictionary.entitlements;
				CODE_SIGN_IDENTITY = "Apple Development";
				CODE_SIGN_STYLE = Automatic;
				CURRENT_PROJECT_VERSION = 1.0.12;
				DEVELOPMENT_ASSET_PATHS = "";
				DEVELOPMENT_TEAM = 4V482C5WA8;
				ENABLE_HARDENED_RUNTIME = YES;
				ENABLE_PREVIEWS = YES;
				GENERATE_INFOPLIST_FILE = YES;
				INFOPLIST_KEY_LSApplicationCategoryType = "public.app-category.education";
				"INFOPLIST_KEY_UIApplicationSceneManifest_Generation[sdk=iphoneos*]" = YES;
				"INFOPLIST_KEY_UIApplicationSceneManifest_Generation[sdk=iphonesimulator*]" = YES;
				"INFOPLIST_KEY_UIApplicationSupportsIndirectInputEvents[sdk=iphoneos*]" = YES;
				"INFOPLIST_KEY_UIApplicationSupportsIndirectInputEvents[sdk=iphonesimulator*]" = YES;
				"INFOPLIST_KEY_UILaunchScreen_Generation[sdk=iphoneos*]" = YES;
				"INFOPLIST_KEY_UILaunchScreen_Generation[sdk=iphonesimulator*]" = YES;
				"INFOPLIST_KEY_UIStatusBarStyle[sdk=iphoneos*]" = UIStatusBarStyleDefault;
				"INFOPLIST_KEY_UIStatusBarStyle[sdk=iphonesimulator*]" = UIStatusBarStyleDefault;
				INFOPLIST_KEY_UISupportedInterfaceOrientations_iPad = "UIInterfaceOrientationPortrait UIInterfaceOrientationPortraitUpsideDown UIInterfaceOrientationLandscapeLeft UIInterfaceOrientationLandscapeRight";
				INFOPLIST_KEY_UISupportedInterfaceOrientations_iPhone = "UIInterfaceOrientationPortrait UIInterfaceOrientationLandscapeLeft UIInterfaceOrientationLandscapeRight";
				IPHONEOS_DEPLOYMENT_TARGET = 16.4;
				LD_RUNPATH_SEARCH_PATHS = "@executable_path/Frameworks";
				"LD_RUNPATH_SEARCH_PATHS[sdk=macosx*]" = "@executable_path/../Frameworks";
				MACOSX_DEPLOYMENT_TARGET = 13.3;
				MARKETING_VERSION = 1.0.12;
				PRODUCT_BUNDLE_IDENTIFIER = Andskur.OldNorseDictionary;
				PRODUCT_NAME = "$(TARGET_NAME)";
				PROVISIONING_PROFILE_SPECIFIER = "";
				SDKROOT = auto;
				SUPPORTED_PLATFORMS = "iphoneos iphonesimulator macosx";
				SWIFT_EMIT_LOC_STRINGS = YES;
				SWIFT_VERSION = 5.0;
				TARGETED_DEVICE_FAMILY = "1,2";
			};
			name = Debug;
		};
		A14FC4502A6185A8009D91EC /* Release */ = {
			isa = XCBuildConfiguration;
			buildSettings = {
				ALWAYS_EMBED_SWIFT_STANDARD_LIBRARIES = YES;
				ASSETCATALOG_COMPILER_APPICON_NAME = AppIcon;
				ASSETCATALOG_COMPILER_GLOBAL_ACCENT_COLOR_NAME = AccentColor;
				ASSETCATALOG_COMPILER_INCLUDE_ALL_APPICON_ASSETS = NO;
				CODE_SIGN_ENTITLEMENTS = Source/OldNorseDictionary.entitlements;
				CODE_SIGN_IDENTITY = "Apple Development";
				CODE_SIGN_STYLE = Automatic;
				CURRENT_PROJECT_VERSION = 1.0.12;
				DEVELOPMENT_ASSET_PATHS = "";
				DEVELOPMENT_TEAM = 4V482C5WA8;
				ENABLE_HARDENED_RUNTIME = YES;
				ENABLE_PREVIEWS = YES;
				GENERATE_INFOPLIST_FILE = YES;
				INFOPLIST_KEY_LSApplicationCategoryType = "public.app-category.education";
				"INFOPLIST_KEY_UIApplicationSceneManifest_Generation[sdk=iphoneos*]" = YES;
				"INFOPLIST_KEY_UIApplicationSceneManifest_Generation[sdk=iphonesimulator*]" = YES;
				"INFOPLIST_KEY_UIApplicationSupportsIndirectInputEvents[sdk=iphoneos*]" = YES;
				"INFOPLIST_KEY_UIApplicationSupportsIndirectInputEvents[sdk=iphonesimulator*]" = YES;
				"INFOPLIST_KEY_UILaunchScreen_Generation[sdk=iphoneos*]" = YES;
				"INFOPLIST_KEY_UILaunchScreen_Generation[sdk=iphonesimulator*]" = YES;
				"INFOPLIST_KEY_UIStatusBarStyle[sdk=iphoneos*]" = UIStatusBarStyleDefault;
				"INFOPLIST_KEY_UIStatusBarStyle[sdk=iphonesimulator*]" = UIStatusBarStyleDefault;
				INFOPLIST_KEY_UISupportedInterfaceOrientations_iPad = "UIInterfaceOrientationPortrait UIInterfaceOrientationPortraitUpsideDown UIInterfaceOrientationLandscapeLeft UIInterfaceOrientationLandscapeRight";
				INFOPLIST_KEY_UISupportedInterfaceOrientations_iPhone = "UIInterfaceOrientationPortrait UIInterfaceOrientationLandscapeLeft UIInterfaceOrientationLandscapeRight";
				IPHONEOS_DEPLOYMENT_TARGET = 16.4;
				LD_RUNPATH_SEARCH_PATHS = "@executable_path/Frameworks";
				"LD_RUNPATH_SEARCH_PATHS[sdk=macosx*]" = "@executable_path/../Frameworks";
				MACOSX_DEPLOYMENT_TARGET = 13.3;
				MARKETING_VERSION = 1.0.12;
				PRODUCT_BUNDLE_IDENTIFIER = Andskur.OldNorseDictionary;
				PRODUCT_NAME = "$(TARGET_NAME)";
				PROVISIONING_PROFILE_SPECIFIER = "";
				SDKROOT = auto;
				SUPPORTED_PLATFORMS = "iphoneos iphonesimulator macosx";
				SWIFT_EMIT_LOC_STRINGS = YES;
				SWIFT_VERSION = 5.0;
				TARGETED_DEVICE_FAMILY = "1,2";
			};
			name = Release;
		};
		A1F2B89A2A768F54003EBF17 /* Debug */ = {
			isa = XCBuildConfiguration;
			buildSettings = {
				BUNDLE_LOADER = "$(TEST_HOST)";
				CODE_SIGN_STYLE = Automatic;
				CURRENT_PROJECT_VERSION = 1;
				DEVELOPMENT_TEAM = 4V482C5WA8;
				GENERATE_INFOPLIST_FILE = YES;
				IPHONEOS_DEPLOYMENT_TARGET = 16.4;
				MACOSX_DEPLOYMENT_TARGET = 13.3;
				MARKETING_VERSION = 1.0;
				PRODUCT_BUNDLE_IDENTIFIER = Andskur.OldNorseDictionaryTests;
				PRODUCT_NAME = "$(TARGET_NAME)";
				SDKROOT = auto;
				SUPPORTED_PLATFORMS = "iphoneos iphonesimulator macosx";
				SWIFT_EMIT_LOC_STRINGS = NO;
				SWIFT_VERSION = 5.0;
				TARGETED_DEVICE_FAMILY = "1,2";
				TEST_HOST = "$(BUILT_PRODUCTS_DIR)/OldNorseDictionary.app/$(BUNDLE_EXECUTABLE_FOLDER_PATH)/OldNorseDictionary";
			};
			name = Debug;
		};
		A1F2B89B2A768F54003EBF17 /* Release */ = {
			isa = XCBuildConfiguration;
			buildSettings = {
				BUNDLE_LOADER = "$(TEST_HOST)";
				CODE_SIGN_STYLE = Automatic;
				CURRENT_PROJECT_VERSION = 1;
				DEVELOPMENT_TEAM = 4V482C5WA8;
				GENERATE_INFOPLIST_FILE = YES;
				IPHONEOS_DEPLOYMENT_TARGET = 16.4;
				MACOSX_DEPLOYMENT_TARGET = 13.3;
				MARKETING_VERSION = 1.0;
				PRODUCT_BUNDLE_IDENTIFIER = Andskur.OldNorseDictionaryTests;
				PRODUCT_NAME = "$(TARGET_NAME)";
				SDKROOT = auto;
				SUPPORTED_PLATFORMS = "iphoneos iphonesimulator macosx";
				SWIFT_EMIT_LOC_STRINGS = NO;
				SWIFT_VERSION = 5.0;
				TARGETED_DEVICE_FAMILY = "1,2";
				TEST_HOST = "$(BUILT_PRODUCTS_DIR)/OldNorseDictionary.app/$(BUNDLE_EXECUTABLE_FOLDER_PATH)/OldNorseDictionary";
			};
			name = Release;
		};
		A1F6CDD02A75A744006F020E /* Debug */ = {
			isa = XCBuildConfiguration;
			buildSettings = {
				ASSETCATALOG_COMPILER_APPICON_NAME = AppIcon;
				ASSETCATALOG_COMPILER_GLOBAL_ACCENT_COLOR_NAME = AccentColor;
				CODE_SIGN_STYLE = Automatic;
				CURRENT_PROJECT_VERSION = 1.0.12;
				DEVELOPMENT_ASSET_PATHS = "";
				DEVELOPMENT_TEAM = 4V482C5WA8;
				ENABLE_PREVIEWS = YES;
				GENERATE_INFOPLIST_FILE = YES;
				INFOPLIST_KEY_CFBundleDisplayName = OldNorseDictionaryWatchOs;
				INFOPLIST_KEY_UISupportedInterfaceOrientations = "UIInterfaceOrientationPortrait UIInterfaceOrientationPortraitUpsideDown";
				INFOPLIST_KEY_WKCompanionAppBundleIdentifier = Andskur.OldNorseDictionary;
				LD_RUNPATH_SEARCH_PATHS = (
					"$(inherited)",
					"@executable_path/Frameworks",
				);
				MARKETING_VERSION = 1.0.12;
				PRODUCT_BUNDLE_IDENTIFIER = Andskur.OldNorseDictionary.watchkitapp;
				PRODUCT_NAME = "$(TARGET_NAME)";
				SDKROOT = watchos;
				SKIP_INSTALL = YES;
				SWIFT_EMIT_LOC_STRINGS = YES;
				SWIFT_VERSION = 5.0;
				TARGETED_DEVICE_FAMILY = 4;
				WATCHOS_DEPLOYMENT_TARGET = 9.4;
			};
			name = Debug;
		};
		A1F6CDD12A75A744006F020E /* Release */ = {
			isa = XCBuildConfiguration;
			buildSettings = {
				ASSETCATALOG_COMPILER_APPICON_NAME = AppIcon;
				ASSETCATALOG_COMPILER_GLOBAL_ACCENT_COLOR_NAME = AccentColor;
				CODE_SIGN_STYLE = Automatic;
				CURRENT_PROJECT_VERSION = 1.0.12;
				DEVELOPMENT_ASSET_PATHS = "";
				DEVELOPMENT_TEAM = 4V482C5WA8;
				ENABLE_PREVIEWS = YES;
				GENERATE_INFOPLIST_FILE = YES;
				INFOPLIST_KEY_CFBundleDisplayName = OldNorseDictionaryWatchOs;
				INFOPLIST_KEY_UISupportedInterfaceOrientations = "UIInterfaceOrientationPortrait UIInterfaceOrientationPortraitUpsideDown";
				INFOPLIST_KEY_WKCompanionAppBundleIdentifier = Andskur.OldNorseDictionary;
				LD_RUNPATH_SEARCH_PATHS = (
					"$(inherited)",
					"@executable_path/Frameworks",
				);
				MARKETING_VERSION = 1.0.12;
				PRODUCT_BUNDLE_IDENTIFIER = Andskur.OldNorseDictionary.watchkitapp;
				PRODUCT_NAME = "$(TARGET_NAME)";
				SDKROOT = watchos;
				SKIP_INSTALL = YES;
				SWIFT_EMIT_LOC_STRINGS = YES;
				SWIFT_VERSION = 5.0;
				TARGETED_DEVICE_FAMILY = 4;
				VALIDATE_PRODUCT = YES;
				WATCHOS_DEPLOYMENT_TARGET = 9.4;
			};
			name = Release;
		};
/* End XCBuildConfiguration section */

/* Begin XCConfigurationList section */
		A14FC4242A6185A7009D91EC /* Build configuration list for PBXProject "OldNorseDictionary" */ = {
			isa = XCConfigurationList;
			buildConfigurations = (
				A14FC44C2A6185A8009D91EC /* Debug */,
				A14FC44D2A6185A8009D91EC /* Release */,
			);
			defaultConfigurationIsVisible = 0;
			defaultConfigurationName = Release;
		};
		A14FC44E2A6185A8009D91EC /* Build configuration list for PBXNativeTarget "OldNorseDictionary" */ = {
			isa = XCConfigurationList;
			buildConfigurations = (
				A14FC44F2A6185A8009D91EC /* Debug */,
				A14FC4502A6185A8009D91EC /* Release */,
			);
			defaultConfigurationIsVisible = 0;
			defaultConfigurationName = Release;
		};
		A1F2B8992A768F54003EBF17 /* Build configuration list for PBXNativeTarget "OldNorseDictionaryTests" */ = {
			isa = XCConfigurationList;
			buildConfigurations = (
				A1F2B89A2A768F54003EBF17 /* Debug */,
				A1F2B89B2A768F54003EBF17 /* Release */,
			);
			defaultConfigurationIsVisible = 0;
			defaultConfigurationName = Release;
		};
		A1F6CDD62A75A744006F020E /* Build configuration list for PBXNativeTarget "OldNorseDictionaryWatchOs Watch App" */ = {
			isa = XCConfigurationList;
			buildConfigurations = (
				A1F6CDD02A75A744006F020E /* Debug */,
				A1F6CDD12A75A744006F020E /* Release */,
			);
			defaultConfigurationIsVisible = 0;
			defaultConfigurationName = Release;
		};
/* End XCConfigurationList section */
	};
	rootObject = A14FC4212A6185A7009D91EC /* Project object */;
}
