// !$*UTF8*$!
{
	archiveVersion = 1;
	classes = {
	};
	objectVersion = 56;
	objects = {

/* Begin PBXBuildFile section */
		A14FC42D2A6185A7009D91EC /* OldNorseDictionaryApp.swift in Sources */ = {isa = PBXBuildFile; fileRef = A14FC42C2A6185A7009D91EC /* OldNorseDictionaryApp.swift */; };
		A14FC42F2A6185A7009D91EC /* ContentView.swift in Sources */ = {isa = PBXBuildFile; fileRef = A14FC42E2A6185A7009D91EC /* ContentView.swift */; };
		A14FC4312A6185A7009D91EC /* Assets.xcassets in Resources */ = {isa = PBXBuildFile; fileRef = A14FC4302A6185A7009D91EC /* Assets.xcassets */; };
		A14FC4352A6185A7009D91EC /* Preview Assets.xcassets in Resources */ = {isa = PBXBuildFile; fileRef = A14FC4342A6185A7009D91EC /* Preview Assets.xcassets */; };
		A14FC43F2A6185A8009D91EC /* OldNorseDictionaryTests.swift in Sources */ = {isa = PBXBuildFile; fileRef = A14FC43E2A6185A8009D91EC /* OldNorseDictionaryTests.swift */; };
		A14FC4492A6185A8009D91EC /* OldNorseDictionaryUITests.swift in Sources */ = {isa = PBXBuildFile; fileRef = A14FC4482A6185A8009D91EC /* OldNorseDictionaryUITests.swift */; };
		A14FC44B2A6185A8009D91EC /* OldNorseDictionaryUITestsLaunchTests.swift in Sources */ = {isa = PBXBuildFile; fileRef = A14FC44A2A6185A8009D91EC /* OldNorseDictionaryUITestsLaunchTests.swift */; };
		A14FC4582A619670009D91EC /* WordsData.json in Resources */ = {isa = PBXBuildFile; fileRef = A14FC4572A619670009D91EC /* WordsData.json */; };
/* End PBXBuildFile section */

/* Begin PBXContainerItemProxy section */
		A14FC43B2A6185A8009D91EC /* PBXContainerItemProxy */ = {
			isa = PBXContainerItemProxy;
			containerPortal = A14FC4212A6185A7009D91EC /* Project object */;
			proxyType = 1;
			remoteGlobalIDString = A14FC4282A6185A7009D91EC;
			remoteInfo = OldNorseDictionary;
		};
		A14FC4452A6185A8009D91EC /* PBXContainerItemProxy */ = {
			isa = PBXContainerItemProxy;
			containerPortal = A14FC4212A6185A7009D91EC /* Project object */;
			proxyType = 1;
			remoteGlobalIDString = A14FC4282A6185A7009D91EC;
			remoteInfo = OldNorseDictionary;
		};
/* End PBXContainerItemProxy section */

/* Begin PBXFileReference section */
		A14FC4292A6185A7009D91EC /* OldNorseDictionary.app */ = {isa = PBXFileReference; explicitFileType = wrapper.application; includeInIndex = 0; path = OldNorseDictionary.app; sourceTree = BUILT_PRODUCTS_DIR; };
		A14FC42C2A6185A7009D91EC /* OldNorseDictionaryApp.swift */ = {isa = PBXFileReference; lastKnownFileType = sourcecode.swift; path = OldNorseDictionaryApp.swift; sourceTree = "<group>"; };
		A14FC42E2A6185A7009D91EC /* ContentView.swift */ = {isa = PBXFileReference; lastKnownFileType = sourcecode.swift; path = ContentView.swift; sourceTree = "<group>"; };
		A14FC4302A6185A7009D91EC /* Assets.xcassets */ = {isa = PBXFileReference; lastKnownFileType = folder.assetcatalog; path = Assets.xcassets; sourceTree = "<group>"; };
		A14FC4322A6185A7009D91EC /* OldNorseDictionary.entitlements */ = {isa = PBXFileReference; lastKnownFileType = text.plist.entitlements; path = OldNorseDictionary.entitlements; sourceTree = "<group>"; };
		A14FC4342A6185A7009D91EC /* Preview Assets.xcassets */ = {isa = PBXFileReference; lastKnownFileType = folder.assetcatalog; path = "Preview Assets.xcassets"; sourceTree = "<group>"; };
		A14FC43A2A6185A8009D91EC /* OldNorseDictionaryTests.xctest */ = {isa = PBXFileReference; explicitFileType = wrapper.cfbundle; includeInIndex = 0; path = OldNorseDictionaryTests.xctest; sourceTree = BUILT_PRODUCTS_DIR; };
		A14FC43E2A6185A8009D91EC /* OldNorseDictionaryTests.swift */ = {isa = PBXFileReference; lastKnownFileType = sourcecode.swift; path = OldNorseDictionaryTests.swift; sourceTree = "<group>"; };
		A14FC4442A6185A8009D91EC /* OldNorseDictionaryUITests.xctest */ = {isa = PBXFileReference; explicitFileType = wrapper.cfbundle; includeInIndex = 0; path = OldNorseDictionaryUITests.xctest; sourceTree = BUILT_PRODUCTS_DIR; };
		A14FC4482A6185A8009D91EC /* OldNorseDictionaryUITests.swift */ = {isa = PBXFileReference; lastKnownFileType = sourcecode.swift; path = OldNorseDictionaryUITests.swift; sourceTree = "<group>"; };
		A14FC44A2A6185A8009D91EC /* OldNorseDictionaryUITestsLaunchTests.swift */ = {isa = PBXFileReference; lastKnownFileType = sourcecode.swift; path = OldNorseDictionaryUITestsLaunchTests.swift; sourceTree = "<group>"; };
		A14FC4572A619670009D91EC /* WordsData.json */ = {isa = PBXFileReference; lastKnownFileType = text.json; path = WordsData.json; sourceTree = "<group>"; };
/* End PBXFileReference section */

/* Begin PBXFrameworksBuildPhase section */
		A14FC4262A6185A7009D91EC /* Frameworks */ = {
			isa = PBXFrameworksBuildPhase;
			buildActionMask = 2147483647;
			files = (
			);
			runOnlyForDeploymentPostprocessing = 0;
		};
		A14FC4372A6185A8009D91EC /* Frameworks */ = {
			isa = PBXFrameworksBuildPhase;
			buildActionMask = 2147483647;
			files = (
			);
			runOnlyForDeploymentPostprocessing = 0;
		};
		A14FC4412A6185A8009D91EC /* Frameworks */ = {
			isa = PBXFrameworksBuildPhase;
			buildActionMask = 2147483647;
			files = (
			);
			runOnlyForDeploymentPostprocessing = 0;
		};
/* End PBXFrameworksBuildPhase section */

/* Begin PBXGroup section */
		A14FC4202A6185A7009D91EC = {
			isa = PBXGroup;
			children = (
				A14FC42B2A6185A7009D91EC /* OldNorseDictionary */,
				A14FC43D2A6185A8009D91EC /* OldNorseDictionaryTests */,
				A14FC4472A6185A8009D91EC /* OldNorseDictionaryUITests */,
				A14FC42A2A6185A7009D91EC /* Products */,
			);
			sourceTree = "<group>";
		};
		A14FC42A2A6185A7009D91EC /* Products */ = {
			isa = PBXGroup;
			children = (
				A14FC4292A6185A7009D91EC /* OldNorseDictionary.app */,
				A14FC43A2A6185A8009D91EC /* OldNorseDictionaryTests.xctest */,
				A14FC4442A6185A8009D91EC /* OldNorseDictionaryUITests.xctest */,
			);
			name = Products;
			sourceTree = "<group>";
		};
		A14FC42B2A6185A7009D91EC /* OldNorseDictionary */ = {
			isa = PBXGroup;
			children = (
				A14FC42C2A6185A7009D91EC /* OldNorseDictionaryApp.swift */,
				A14FC42E2A6185A7009D91EC /* ContentView.swift */,
				A14FC4302A6185A7009D91EC /* Assets.xcassets */,
				A14FC4322A6185A7009D91EC /* OldNorseDictionary.entitlements */,
				A14FC4332A6185A7009D91EC /* Preview Content */,
				A14FC4572A619670009D91EC /* WordsData.json */,
			);
			path = OldNorseDictionary;
			sourceTree = "<group>";
		};
		A14FC4332A6185A7009D91EC /* Preview Content */ = {
			isa = PBXGroup;
			children = (
				A14FC4342A6185A7009D91EC /* Preview Assets.xcassets */,
			);
			path = "Preview Content";
			sourceTree = "<group>";
		};
		A14FC43D2A6185A8009D91EC /* OldNorseDictionaryTests */ = {
			isa = PBXGroup;
			children = (
				A14FC43E2A6185A8009D91EC /* OldNorseDictionaryTests.swift */,
			);
			path = OldNorseDictionaryTests;
			sourceTree = "<group>";
		};
		A14FC4472A6185A8009D91EC /* OldNorseDictionaryUITests */ = {
			isa = PBXGroup;
			children = (
				A14FC4482A6185A8009D91EC /* OldNorseDictionaryUITests.swift */,
				A14FC44A2A6185A8009D91EC /* OldNorseDictionaryUITestsLaunchTests.swift */,
			);
			path = OldNorseDictionaryUITests;
			sourceTree = "<group>";
		};
/* End PBXGroup section */

/* Begin PBXNativeTarget section */
		A14FC4282A6185A7009D91EC /* OldNorseDictionary */ = {
			isa = PBXNativeTarget;
			buildConfigurationList = A14FC44E2A6185A8009D91EC /* Build configuration list for PBXNativeTarget "OldNorseDictionary" */;
			buildPhases = (
				A14FC4252A6185A7009D91EC /* Sources */,
				A14FC4262A6185A7009D91EC /* Frameworks */,
				A14FC4272A6185A7009D91EC /* Resources */,
			);
			buildRules = (
			);
			dependencies = (
			);
			name = OldNorseDictionary;
			productName = OldNorseDictionary;
			productReference = A14FC4292A6185A7009D91EC /* OldNorseDictionary.app */;
			productType = "com.apple.product-type.application";
		};
		A14FC4392A6185A8009D91EC /* OldNorseDictionaryTests */ = {
			isa = PBXNativeTarget;
			buildConfigurationList = A14FC4512A6185A8009D91EC /* Build configuration list for PBXNativeTarget "OldNorseDictionaryTests" */;
			buildPhases = (
				A14FC4362A6185A8009D91EC /* Sources */,
				A14FC4372A6185A8009D91EC /* Frameworks */,
				A14FC4382A6185A8009D91EC /* Resources */,
			);
			buildRules = (
			);
			dependencies = (
				A14FC43C2A6185A8009D91EC /* PBXTargetDependency */,
			);
			name = OldNorseDictionaryTests;
			productName = OldNorseDictionaryTests;
			productReference = A14FC43A2A6185A8009D91EC /* OldNorseDictionaryTests.xctest */;
			productType = "com.apple.product-type.bundle.unit-test";
		};
		A14FC4432A6185A8009D91EC /* OldNorseDictionaryUITests */ = {
			isa = PBXNativeTarget;
			buildConfigurationList = A14FC4542A6185A8009D91EC /* Build configuration list for PBXNativeTarget "OldNorseDictionaryUITests" */;
			buildPhases = (
				A14FC4402A6185A8009D91EC /* Sources */,
				A14FC4412A6185A8009D91EC /* Frameworks */,
				A14FC4422A6185A8009D91EC /* Resources */,
			);
			buildRules = (
			);
			dependencies = (
				A14FC4462A6185A8009D91EC /* PBXTargetDependency */,
			);
			name = OldNorseDictionaryUITests;
			productName = OldNorseDictionaryUITests;
			productReference = A14FC4442A6185A8009D91EC /* OldNorseDictionaryUITests.xctest */;
			productType = "com.apple.product-type.bundle.ui-testing";
		};
/* End PBXNativeTarget section */

/* Begin PBXProject section */
		A14FC4212A6185A7009D91EC /* Project object */ = {
			isa = PBXProject;
			attributes = {
				BuildIndependentTargetsInParallel = 1;
				LastSwiftUpdateCheck = 1430;
				LastUpgradeCheck = 1430;
				TargetAttributes = {
					A14FC4282A6185A7009D91EC = {
						CreatedOnToolsVersion = 14.3.1;
					};
					A14FC4392A6185A8009D91EC = {
						CreatedOnToolsVersion = 14.3.1;
						TestTargetID = A14FC4282A6185A7009D91EC;
					};
					A14FC4432A6185A8009D91EC = {
						CreatedOnToolsVersion = 14.3.1;
						TestTargetID = A14FC4282A6185A7009D91EC;
					};
				};
			};
			buildConfigurationList = A14FC4242A6185A7009D91EC /* Build configuration list for PBXProject "OldNorseDictionary" */;
			compatibilityVersion = "Xcode 14.0";
			developmentRegion = en;
			hasScannedForEncodings = 0;
			knownRegions = (
				en,
				Base,
			);
			mainGroup = A14FC4202A6185A7009D91EC;
			productRefGroup = A14FC42A2A6185A7009D91EC /* Products */;
			projectDirPath = "";
			projectRoot = "";
			targets = (
				A14FC4282A6185A7009D91EC /* OldNorseDictionary */,
				A14FC4392A6185A8009D91EC /* OldNorseDictionaryTests */,
				A14FC4432A6185A8009D91EC /* OldNorseDictionaryUITests */,
			);
		};
/* End PBXProject section */

/* Begin PBXResourcesBuildPhase section */
		A14FC4272A6185A7009D91EC /* Resources */ = {
			isa = PBXResourcesBuildPhase;
			buildActionMask = 2147483647;
			files = (
				A14FC4582A619670009D91EC /* WordsData.json in Resources */,
				A14FC4352A6185A7009D91EC /* Preview Assets.xcassets in Resources */,
				A14FC4312A6185A7009D91EC /* Assets.xcassets in Resources */,
			);
			runOnlyForDeploymentPostprocessing = 0;
		};
		A14FC4382A6185A8009D91EC /* Resources */ = {
			isa = PBXResourcesBuildPhase;
			buildActionMask = 2147483647;
			files = (
			);
			runOnlyForDeploymentPostprocessing = 0;
		};
		A14FC4422A6185A8009D91EC /* Resources */ = {
			isa = PBXResourcesBuildPhase;
			buildActionMask = 2147483647;
			files = (
			);
			runOnlyForDeploymentPostprocessing = 0;
		};
/* End PBXResourcesBuildPhase section */

/* Begin PBXSourcesBuildPhase section */
		A14FC4252A6185A7009D91EC /* Sources */ = {
			isa = PBXSourcesBuildPhase;
			buildActionMask = 2147483647;
			files = (
				A14FC42F2A6185A7009D91EC /* ContentView.swift in Sources */,
				A14FC42D2A6185A7009D91EC /* OldNorseDictionaryApp.swift in Sources */,
			);
			runOnlyForDeploymentPostprocessing = 0;
		};
		A14FC4362A6185A8009D91EC /* Sources */ = {
			isa = PBXSourcesBuildPhase;
			buildActionMask = 2147483647;
			files = (
				A14FC43F2A6185A8009D91EC /* OldNorseDictionaryTests.swift in Sources */,
			);
			runOnlyForDeploymentPostprocessing = 0;
		};
		A14FC4402A6185A8009D91EC /* Sources */ = {
			isa = PBXSourcesBuildPhase;
			buildActionMask = 2147483647;
			files = (
				A14FC44B2A6185A8009D91EC /* OldNorseDictionaryUITestsLaunchTests.swift in Sources */,
				A14FC4492A6185A8009D91EC /* OldNorseDictionaryUITests.swift in Sources */,
			);
			runOnlyForDeploymentPostprocessing = 0;
		};
/* End PBXSourcesBuildPhase section */

/* Begin PBXTargetDependency section */
		A14FC43C2A6185A8009D91EC /* PBXTargetDependency */ = {
			isa = PBXTargetDependency;
			target = A14FC4282A6185A7009D91EC /* OldNorseDictionary */;
			targetProxy = A14FC43B2A6185A8009D91EC /* PBXContainerItemProxy */;
		};
		A14FC4462A6185A8009D91EC /* PBXTargetDependency */ = {
			isa = PBXTargetDependency;
			target = A14FC4282A6185A7009D91EC /* OldNorseDictionary */;
			targetProxy = A14FC4452A6185A8009D91EC /* PBXContainerItemProxy */;
		};
/* End PBXTargetDependency section */

/* Begin XCBuildConfiguration section */
		A14FC44C2A6185A8009D91EC /* Debug */ = {
			isa = XCBuildConfiguration;
			buildSettings = {
				ALWAYS_SEARCH_USER_PATHS = NO;
				CLANG_ANALYZER_NONNULL = YES;
				CLANG_ANALYZER_NUMBER_OBJECT_CONVERSION = YES_AGGRESSIVE;
				CLANG_CXX_LANGUAGE_STANDARD = "gnu++20";
				CLANG_ENABLE_MODULES = YES;
				CLANG_ENABLE_OBJC_ARC = YES;
				CLANG_ENABLE_OBJC_WEAK = YES;
				CLANG_WARN_BLOCK_CAPTURE_AUTORELEASING = YES;
				CLANG_WARN_BOOL_CONVERSION = YES;
				CLANG_WARN_COMMA = YES;
				CLANG_WARN_CONSTANT_CONVERSION = YES;
				CLANG_WARN_DEPRECATED_OBJC_IMPLEMENTATIONS = YES;
				CLANG_WARN_DIRECT_OBJC_ISA_USAGE = YES_ERROR;
				CLANG_WARN_DOCUMENTATION_COMMENTS = YES;
				CLANG_WARN_EMPTY_BODY = YES;
				CLANG_WARN_ENUM_CONVERSION = YES;
				CLANG_WARN_INFINITE_RECURSION = YES;
				CLANG_WARN_INT_CONVERSION = YES;
				CLANG_WARN_NON_LITERAL_NULL_CONVERSION = YES;
				CLANG_WARN_OBJC_IMPLICIT_RETAIN_SELF = YES;
				CLANG_WARN_OBJC_LITERAL_CONVERSION = YES;
				CLANG_WARN_OBJC_ROOT_CLASS = YES_ERROR;
				CLANG_WARN_QUOTED_INCLUDE_IN_FRAMEWORK_HEADER = YES;
				CLANG_WARN_RANGE_LOOP_ANALYSIS = YES;
				CLANG_WARN_STRICT_PROTOTYPES = YES;
				CLANG_WARN_SUSPICIOUS_MOVE = YES;
				CLANG_WARN_UNGUARDED_AVAILABILITY = YES_AGGRESSIVE;
				CLANG_WARN_UNREACHABLE_CODE = YES;
				CLANG_WARN__DUPLICATE_METHOD_MATCH = YES;
				COPY_PHASE_STRIP = NO;
				DEBUG_INFORMATION_FORMAT = dwarf;
				ENABLE_STRICT_OBJC_MSGSEND = YES;
				ENABLE_TESTABILITY = YES;
				GCC_C_LANGUAGE_STANDARD = gnu11;
				GCC_DYNAMIC_NO_PIC = NO;
				GCC_NO_COMMON_BLOCKS = YES;
				GCC_OPTIMIZATION_LEVEL = 0;
				GCC_PREPROCESSOR_DEFINITIONS = (
					"DEBUG=1",
					"$(inherited)",
				);
				GCC_WARN_64_TO_32_BIT_CONVERSION = YES;
				GCC_WARN_ABOUT_RETURN_TYPE = YES_ERROR;
				GCC_WARN_UNDECLARED_SELECTOR = YES;
				GCC_WARN_UNINITIALIZED_AUTOS = YES_AGGRESSIVE;
				GCC_WARN_UNUSED_FUNCTION = YES;
				GCC_WARN_UNUSED_VARIABLE = YES;
				MTL_ENABLE_DEBUG_INFO = INCLUDE_SOURCE;
				MTL_FAST_MATH = YES;
				ONLY_ACTIVE_ARCH = YES;
				SWIFT_ACTIVE_COMPILATION_CONDITIONS = DEBUG;
				SWIFT_OPTIMIZATION_LEVEL = "-Onone";
			};
			name = Debug;
		};
		A14FC44D2A6185A8009D91EC /* Release */ = {
			isa = XCBuildConfiguration;
			buildSettings = {
				ALWAYS_SEARCH_USER_PATHS = NO;
				CLANG_ANALYZER_NONNULL = YES;
				CLANG_ANALYZER_NUMBER_OBJECT_CONVERSION = YES_AGGRESSIVE;
				CLANG_CXX_LANGUAGE_STANDARD = "gnu++20";
				CLANG_ENABLE_MODULES = YES;
				CLANG_ENABLE_OBJC_ARC = YES;
				CLANG_ENABLE_OBJC_WEAK = YES;
				CLANG_WARN_BLOCK_CAPTURE_AUTORELEASING = YES;
				CLANG_WARN_BOOL_CONVERSION = YES;
				CLANG_WARN_COMMA = YES;
				CLANG_WARN_CONSTANT_CONVERSION = YES;
				CLANG_WARN_DEPRECATED_OBJC_IMPLEMENTATIONS = YES;
				CLANG_WARN_DIRECT_OBJC_ISA_USAGE = YES_ERROR;
				CLANG_WARN_DOCUMENTATION_COMMENTS = YES;
				CLANG_WARN_EMPTY_BODY = YES;
				CLANG_WARN_ENUM_CONVERSION = YES;
				CLANG_WARN_INFINITE_RECURSION = YES;
				CLANG_WARN_INT_CONVERSION = YES;
				CLANG_WARN_NON_LITERAL_NULL_CONVERSION = YES;
				CLANG_WARN_OBJC_IMPLICIT_RETAIN_SELF = YES;
				CLANG_WARN_OBJC_LITERAL_CONVERSION = YES;
				CLANG_WARN_OBJC_ROOT_CLASS = YES_ERROR;
				CLANG_WARN_QUOTED_INCLUDE_IN_FRAMEWORK_HEADER = YES;
				CLANG_WARN_RANGE_LOOP_ANALYSIS = YES;
				CLANG_WARN_STRICT_PROTOTYPES = YES;
				CLANG_WARN_SUSPICIOUS_MOVE = YES;
				CLANG_WARN_UNGUARDED_AVAILABILITY = YES_AGGRESSIVE;
				CLANG_WARN_UNREACHABLE_CODE = YES;
				CLANG_WARN__DUPLICATE_METHOD_MATCH = YES;
				COPY_PHASE_STRIP = NO;
				DEBUG_INFORMATION_FORMAT = "dwarf-with-dsym";
				ENABLE_NS_ASSERTIONS = NO;
				ENABLE_STRICT_OBJC_MSGSEND = YES;
				GCC_C_LANGUAGE_STANDARD = gnu11;
				GCC_NO_COMMON_BLOCKS = YES;
				GCC_WARN_64_TO_32_BIT_CONVERSION = YES;
				GCC_WARN_ABOUT_RETURN_TYPE = YES_ERROR;
				GCC_WARN_UNDECLARED_SELECTOR = YES;
				GCC_WARN_UNINITIALIZED_AUTOS = YES_AGGRESSIVE;
				GCC_WARN_UNUSED_FUNCTION = YES;
				GCC_WARN_UNUSED_VARIABLE = YES;
				MTL_ENABLE_DEBUG_INFO = NO;
				MTL_FAST_MATH = YES;
				SWIFT_COMPILATION_MODE = wholemodule;
				SWIFT_OPTIMIZATION_LEVEL = "-O";
			};
			name = Release;
		};
		A14FC44F2A6185A8009D91EC /* Debug */ = {
			isa = XCBuildConfiguration;
			buildSettings = {
				ASSETCATALOG_COMPILER_APPICON_NAME = AppIcon;
				ASSETCATALOG_COMPILER_GLOBAL_ACCENT_COLOR_NAME = AccentColor;
				CODE_SIGN_ENTITLEMENTS = OldNorseDictionary/OldNorseDictionary.entitlements;
				CODE_SIGN_STYLE = Automatic;
				CURRENT_PROJECT_VERSION = 1;
				DEVELOPMENT_ASSET_PATHS = "\"OldNorseDictionary/Preview Content\"";
				DEVELOPMENT_TEAM = 4V482C5WA8;
				ENABLE_HARDENED_RUNTIME = YES;
				ENABLE_PREVIEWS = YES;
				GENERATE_INFOPLIST_FILE = YES;
				"INFOPLIST_KEY_UIApplicationSceneManifest_Generation[sdk=iphoneos*]" = YES;
				"INFOPLIST_KEY_UIApplicationSceneManifest_Generation[sdk=iphonesimulator*]" = YES;
				"INFOPLIST_KEY_UIApplicationSupportsIndirectInputEvents[sdk=iphoneos*]" = YES;
				"INFOPLIST_KEY_UIApplicationSupportsIndirectInputEvents[sdk=iphonesimulator*]" = YES;
				"INFOPLIST_KEY_UILaunchScreen_Generation[sdk=iphoneos*]" = YES;
				"INFOPLIST_KEY_UILaunchScreen_Generation[sdk=iphonesimulator*]" = YES;
				"INFOPLIST_KEY_UIStatusBarStyle[sdk=iphoneos*]" = UIStatusBarStyleDefault;
				"INFOPLIST_KEY_UIStatusBarStyle[sdk=iphonesimulator*]" = UIStatusBarStyleDefault;
				INFOPLIST_KEY_UISupportedInterfaceOrientations_iPad = "UIInterfaceOrientationPortrait UIInterfaceOrientationPortraitUpsideDown UIInterfaceOrientationLandscapeLeft UIInterfaceOrientationLandscapeRight";
				INFOPLIST_KEY_UISupportedInterfaceOrientations_iPhone = "UIInterfaceOrientationPortrait UIInterfaceOrientationLandscapeLeft UIInterfaceOrientationLandscapeRight";
				IPHONEOS_DEPLOYMENT_TARGET = 16.4;
				LD_RUNPATH_SEARCH_PATHS = "@executable_path/Frameworks";
				"LD_RUNPATH_SEARCH_PATHS[sdk=macosx*]" = "@executable_path/../Frameworks";
				MACOSX_DEPLOYMENT_TARGET = 13.3;
				MARKETING_VERSION = 1.0;
				PRODUCT_BUNDLE_IDENTIFIER = Andskur.OldNorseDictionary;
				PRODUCT_NAME = "$(TARGET_NAME)";
				SDKROOT = auto;
				SUPPORTED_PLATFORMS = "iphoneos iphonesimulator macosx";
				SWIFT_EMIT_LOC_STRINGS = YES;
				SWIFT_VERSION = 5.0;
				TARGETED_DEVICE_FAMILY = "1,2";
			};
			name = Debug;
		};
		A14FC4502A6185A8009D91EC /* Release */ = {
			isa = XCBuildConfiguration;
			buildSettings = {
				ASSETCATALOG_COMPILER_APPICON_NAME = AppIcon;
				ASSETCATALOG_COMPILER_GLOBAL_ACCENT_COLOR_NAME = AccentColor;
				CODE_SIGN_ENTITLEMENTS = OldNorseDictionary/OldNorseDictionary.entitlements;
				CODE_SIGN_STYLE = Automatic;
				CURRENT_PROJECT_VERSION = 1;
				DEVELOPMENT_ASSET_PATHS = "\"OldNorseDictionary/Preview Content\"";
				DEVELOPMENT_TEAM = 4V482C5WA8;
				ENABLE_HARDENED_RUNTIME = YES;
				ENABLE_PREVIEWS = YES;
				GENERATE_INFOPLIST_FILE = YES;
				"INFOPLIST_KEY_UIApplicationSceneManifest_Generation[sdk=iphoneos*]" = YES;
				"INFOPLIST_KEY_UIApplicationSceneManifest_Generation[sdk=iphonesimulator*]" = YES;
				"INFOPLIST_KEY_UIApplicationSupportsIndirectInputEvents[sdk=iphoneos*]" = YES;
				"INFOPLIST_KEY_UIApplicationSupportsIndirectInputEvents[sdk=iphonesimulator*]" = YES;
				"INFOPLIST_KEY_UILaunchScreen_Generation[sdk=iphoneos*]" = YES;
				"INFOPLIST_KEY_UILaunchScreen_Generation[sdk=iphonesimulator*]" = YES;
				"INFOPLIST_KEY_UIStatusBarStyle[sdk=iphoneos*]" = UIStatusBarStyleDefault;
				"INFOPLIST_KEY_UIStatusBarStyle[sdk=iphonesimulator*]" = UIStatusBarStyleDefault;
				INFOPLIST_KEY_UISupportedInterfaceOrientations_iPad = "UIInterfaceOrientationPortrait UIInterfaceOrientationPortraitUpsideDown UIInterfaceOrientationLandscapeLeft UIInterfaceOrientationLandscapeRight";
				INFOPLIST_KEY_UISupportedInterfaceOrientations_iPhone = "UIInterfaceOrientationPortrait UIInterfaceOrientationLandscapeLeft UIInterfaceOrientationLandscapeRight";
				IPHONEOS_DEPLOYMENT_TARGET = 16.4;
				LD_RUNPATH_SEARCH_PATHS = "@executable_path/Frameworks";
				"LD_RUNPATH_SEARCH_PATHS[sdk=macosx*]" = "@executable_path/../Frameworks";
				MACOSX_DEPLOYMENT_TARGET = 13.3;
				MARKETING_VERSION = 1.0;
				PRODUCT_BUNDLE_IDENTIFIER = Andskur.OldNorseDictionary;
				PRODUCT_NAME = "$(TARGET_NAME)";
				SDKROOT = auto;
				SUPPORTED_PLATFORMS = "iphoneos iphonesimulator macosx";
				SWIFT_EMIT_LOC_STRINGS = YES;
				SWIFT_VERSION = 5.0;
				TARGETED_DEVICE_FAMILY = "1,2";
			};
			name = Release;
		};
		A14FC4522A6185A8009D91EC /* Debug */ = {
			isa = XCBuildConfiguration;
			buildSettings = {
				ALWAYS_EMBED_SWIFT_STANDARD_LIBRARIES = YES;
				BUNDLE_LOADER = "$(TEST_HOST)";
				CODE_SIGN_STYLE = Automatic;
				CURRENT_PROJECT_VERSION = 1;
				DEVELOPMENT_TEAM = 4V482C5WA8;
				GENERATE_INFOPLIST_FILE = YES;
				IPHONEOS_DEPLOYMENT_TARGET = 16.4;
				MACOSX_DEPLOYMENT_TARGET = 13.3;
				MARKETING_VERSION = 1.0;
				PRODUCT_BUNDLE_IDENTIFIER = Andskur.OldNorseDictionaryTests;
				PRODUCT_NAME = "$(TARGET_NAME)";
				SDKROOT = auto;
				SUPPORTED_PLATFORMS = "iphoneos iphonesimulator macosx";
				SWIFT_EMIT_LOC_STRINGS = NO;
				SWIFT_VERSION = 5.0;
				TARGETED_DEVICE_FAMILY = "1,2";
				TEST_HOST = "$(BUILT_PRODUCTS_DIR)/OldNorseDictionary.app/$(BUNDLE_EXECUTABLE_FOLDER_PATH)/OldNorseDictionary";
			};
			name = Debug;
		};
		A14FC4532A6185A8009D91EC /* Release */ = {
			isa = XCBuildConfiguration;
			buildSettings = {
				ALWAYS_EMBED_SWIFT_STANDARD_LIBRARIES = YES;
				BUNDLE_LOADER = "$(TEST_HOST)";
				CODE_SIGN_STYLE = Automatic;
				CURRENT_PROJECT_VERSION = 1;
				DEVELOPMENT_TEAM = 4V482C5WA8;
				GENERATE_INFOPLIST_FILE = YES;
				IPHONEOS_DEPLOYMENT_TARGET = 16.4;
				MACOSX_DEPLOYMENT_TARGET = 13.3;
				MARKETING_VERSION = 1.0;
				PRODUCT_BUNDLE_IDENTIFIER = Andskur.OldNorseDictionaryTests;
				PRODUCT_NAME = "$(TARGET_NAME)";
				SDKROOT = auto;
				SUPPORTED_PLATFORMS = "iphoneos iphonesimulator macosx";
				SWIFT_EMIT_LOC_STRINGS = NO;
				SWIFT_VERSION = 5.0;
				TARGETED_DEVICE_FAMILY = "1,2";
				TEST_HOST = "$(BUILT_PRODUCTS_DIR)/OldNorseDictionary.app/$(BUNDLE_EXECUTABLE_FOLDER_PATH)/OldNorseDictionary";
			};
			name = Release;
		};
		A14FC4552A6185A8009D91EC /* Debug */ = {
			isa = XCBuildConfiguration;
			buildSettings = {
				ALWAYS_EMBED_SWIFT_STANDARD_LIBRARIES = YES;
				CODE_SIGN_STYLE = Automatic;
				CURRENT_PROJECT_VERSION = 1;
				DEVELOPMENT_TEAM = 4V482C5WA8;
				GENERATE_INFOPLIST_FILE = YES;
				IPHONEOS_DEPLOYMENT_TARGET = 16.4;
				MACOSX_DEPLOYMENT_TARGET = 13.3;
				MARKETING_VERSION = 1.0;
				PRODUCT_BUNDLE_IDENTIFIER = Andskur.OldNorseDictionaryUITests;
				PRODUCT_NAME = "$(TARGET_NAME)";
				SDKROOT = auto;
				SUPPORTED_PLATFORMS = "iphoneos iphonesimulator macosx";
				SWIFT_EMIT_LOC_STRINGS = NO;
				SWIFT_VERSION = 5.0;
				TARGETED_DEVICE_FAMILY = "1,2";
				TEST_TARGET_NAME = OldNorseDictionary;
			};
			name = Debug;
		};
		A14FC4562A6185A8009D91EC /* Release */ = {
			isa = XCBuildConfiguration;
			buildSettings = {
				ALWAYS_EMBED_SWIFT_STANDARD_LIBRARIES = YES;
				CODE_SIGN_STYLE = Automatic;
				CURRENT_PROJECT_VERSION = 1;
				DEVELOPMENT_TEAM = 4V482C5WA8;
				GENERATE_INFOPLIST_FILE = YES;
				IPHONEOS_DEPLOYMENT_TARGET = 16.4;
				MACOSX_DEPLOYMENT_TARGET = 13.3;
				MARKETING_VERSION = 1.0;
				PRODUCT_BUNDLE_IDENTIFIER = Andskur.OldNorseDictionaryUITests;
				PRODUCT_NAME = "$(TARGET_NAME)";
				SDKROOT = auto;
				SUPPORTED_PLATFORMS = "iphoneos iphonesimulator macosx";
				SWIFT_EMIT_LOC_STRINGS = NO;
				SWIFT_VERSION = 5.0;
				TARGETED_DEVICE_FAMILY = "1,2";
				TEST_TARGET_NAME = OldNorseDictionary;
			};
			name = Release;
		};
/* End XCBuildConfiguration section */

/* Begin XCConfigurationList section */
		A14FC4242A6185A7009D91EC /* Build configuration list for PBXProject "OldNorseDictionary" */ = {
			isa = XCConfigurationList;
			buildConfigurations = (
				A14FC44C2A6185A8009D91EC /* Debug */,
				A14FC44D2A6185A8009D91EC /* Release */,
			);
			defaultConfigurationIsVisible = 0;
			defaultConfigurationName = Release;
		};
		A14FC44E2A6185A8009D91EC /* Build configuration list for PBXNativeTarget "OldNorseDictionary" */ = {
			isa = XCConfigurationList;
			buildConfigurations = (
				A14FC44F2A6185A8009D91EC /* Debug */,
				A14FC4502A6185A8009D91EC /* Release */,
			);
			defaultConfigurationIsVisible = 0;
			defaultConfigurationName = Release;
		};
		A14FC4512A6185A8009D91EC /* Build configuration list for PBXNativeTarget "OldNorseDictionaryTests" */ = {
			isa = XCConfigurationList;
			buildConfigurations = (
				A14FC4522A6185A8009D91EC /* Debug */,
				A14FC4532A6185A8009D91EC /* Release */,
			);
			defaultConfigurationIsVisible = 0;
			defaultConfigurationName = Release;
		};
		A14FC4542A6185A8009D91EC /* Build configuration list for PBXNativeTarget "OldNorseDictionaryUITests" */ = {
			isa = XCConfigurationList;
			buildConfigurations = (
				A14FC4552A6185A8009D91EC /* Debug */,
				A14FC4562A6185A8009D91EC /* Release */,
			);
			defaultConfigurationIsVisible = 0;
			defaultConfigurationName = Release;
		};
/* End XCConfigurationList section */
	};
	rootObject = A14FC4212A6185A7009D91EC /* Project object */;
}
